// !$*UTF8*$!
{
	archiveVersion = 1;
	classes = {
	};
	objectVersion = 46;
	objects = {

/* Begin PBXBuildFile section */
		C932854C14DEE32B00DF5ACA /* CAFCardStackController.m in Sources */ = {isa = PBXBuildFile; fileRef = C932854A14DEE32B00DF5ACA /* CAFCardStackController.m */; };
		C932854D14DEE32B00DF5ACA /* CAFCardStackController.xib in Resources */ = {isa = PBXBuildFile; fileRef = C932854B14DEE32B00DF5ACA /* CAFCardStackController.xib */; };
		C932855014DF049300DF5ACA /* CAFCardStackControllerTests.m in Sources */ = {isa = PBXBuildFile; fileRef = C932854F14DF049300DF5ACA /* CAFCardStackControllerTests.m */; };
		C942DA7D14DED00C000ABD09 /* UIKit.framework in Frameworks */ = {isa = PBXBuildFile; fileRef = C942DA7C14DED00C000ABD09 /* UIKit.framework */; };
		C942DA7F14DED00C000ABD09 /* Foundation.framework in Frameworks */ = {isa = PBXBuildFile; fileRef = C942DA7E14DED00C000ABD09 /* Foundation.framework */; };
		C942DA8114DED00C000ABD09 /* CoreGraphics.framework in Frameworks */ = {isa = PBXBuildFile; fileRef = C942DA8014DED00C000ABD09 /* CoreGraphics.framework */; };
		C942DA8714DED00C000ABD09 /* InfoPlist.strings in Resources */ = {isa = PBXBuildFile; fileRef = C942DA8514DED00C000ABD09 /* InfoPlist.strings */; };
		C942DA8914DED00C000ABD09 /* main.m in Sources */ = {isa = PBXBuildFile; fileRef = C942DA8814DED00C000ABD09 /* main.m */; };
		C942DA8D14DED00C000ABD09 /* CAFAppDelegate.m in Sources */ = {isa = PBXBuildFile; fileRef = C942DA8C14DED00C000ABD09 /* CAFAppDelegate.m */; };
		C942DA9514DED00C000ABD09 /* SenTestingKit.framework in Frameworks */ = {isa = PBXBuildFile; fileRef = C942DA9414DED00C000ABD09 /* SenTestingKit.framework */; };
		C942DA9614DED00C000ABD09 /* UIKit.framework in Frameworks */ = {isa = PBXBuildFile; fileRef = C942DA7C14DED00C000ABD09 /* UIKit.framework */; };
		C942DA9714DED00C000ABD09 /* Foundation.framework in Frameworks */ = {isa = PBXBuildFile; fileRef = C942DA7E14DED00C000ABD09 /* Foundation.framework */; };
		C942DA9F14DED00C000ABD09 /* InfoPlist.strings in Resources */ = {isa = PBXBuildFile; fileRef = C942DA9D14DED00C000ABD09 /* InfoPlist.strings */; };
		C942DAA214DED00C000ABD09 /* Card_Stack_Controller_DemoTests.m in Sources */ = {isa = PBXBuildFile; fileRef = C942DAA114DED00C000ABD09 /* Card_Stack_Controller_DemoTests.m */; };
/* End PBXBuildFile section */

/* Begin PBXContainerItemProxy section */
		C942DA9814DED00C000ABD09 /* PBXContainerItemProxy */ = {
			isa = PBXContainerItemProxy;
			containerPortal = C942DA6F14DED00B000ABD09 /* Project object */;
			proxyType = 1;
			remoteGlobalIDString = C942DA7714DED00B000ABD09;
			remoteInfo = "Card Stack Controller Demo";
		};
/* End PBXContainerItemProxy section */

/* Begin PBXFileReference section */
		C932854014DEE13700DF5ACA /* README.mdown */ = {isa = PBXFileReference; fileEncoding = 4; lastKnownFileType = text; path = README.mdown; sourceTree = "<group>"; };
		C932854914DEE32B00DF5ACA /* CAFCardStackController.h */ = {isa = PBXFileReference; fileEncoding = 4; lastKnownFileType = sourcecode.c.h; path = CAFCardStackController.h; sourceTree = "<group>"; };
		C932854A14DEE32B00DF5ACA /* CAFCardStackController.m */ = {isa = PBXFileReference; fileEncoding = 4; lastKnownFileType = sourcecode.c.objc; path = CAFCardStackController.m; sourceTree = "<group>"; };
		C932854B14DEE32B00DF5ACA /* CAFCardStackController.xib */ = {isa = PBXFileReference; fileEncoding = 4; lastKnownFileType = file.xib; path = CAFCardStackController.xib; sourceTree = "<group>"; };
		C932854E14DF049300DF5ACA /* CAFCardStackControllerTests.h */ = {isa = PBXFileReference; fileEncoding = 4; lastKnownFileType = sourcecode.c.h; path = CAFCardStackControllerTests.h; sourceTree = "<group>"; };
		C932854F14DF049300DF5ACA /* CAFCardStackControllerTests.m */ = {isa = PBXFileReference; fileEncoding = 4; lastKnownFileType = sourcecode.c.objc; path = CAFCardStackControllerTests.m; sourceTree = "<group>"; };
		C942DA7814DED00C000ABD09 /* Card Stack Controller Demo.app */ = {isa = PBXFileReference; explicitFileType = wrapper.application; includeInIndex = 0; path = "Card Stack Controller Demo.app"; sourceTree = BUILT_PRODUCTS_DIR; };
		C942DA7C14DED00C000ABD09 /* UIKit.framework */ = {isa = PBXFileReference; lastKnownFileType = wrapper.framework; name = UIKit.framework; path = System/Library/Frameworks/UIKit.framework; sourceTree = SDKROOT; };
		C942DA7E14DED00C000ABD09 /* Foundation.framework */ = {isa = PBXFileReference; lastKnownFileType = wrapper.framework; name = Foundation.framework; path = System/Library/Frameworks/Foundation.framework; sourceTree = SDKROOT; };
		C942DA8014DED00C000ABD09 /* CoreGraphics.framework */ = {isa = PBXFileReference; lastKnownFileType = wrapper.framework; name = CoreGraphics.framework; path = System/Library/Frameworks/CoreGraphics.framework; sourceTree = SDKROOT; };
		C942DA8414DED00C000ABD09 /* Card Stack Controller Demo-Info.plist */ = {isa = PBXFileReference; lastKnownFileType = text.plist.xml; path = "Card Stack Controller Demo-Info.plist"; sourceTree = "<group>"; };
		C942DA8614DED00C000ABD09 /* en */ = {isa = PBXFileReference; lastKnownFileType = text.plist.strings; name = en; path = en.lproj/InfoPlist.strings; sourceTree = "<group>"; };
		C942DA8814DED00C000ABD09 /* main.m */ = {isa = PBXFileReference; lastKnownFileType = sourcecode.c.objc; path = main.m; sourceTree = "<group>"; };
		C942DA8A14DED00C000ABD09 /* Card Stack Controller Demo-Prefix.pch */ = {isa = PBXFileReference; lastKnownFileType = sourcecode.c.h; path = "Card Stack Controller Demo-Prefix.pch"; sourceTree = "<group>"; };
		C942DA8B14DED00C000ABD09 /* CAFAppDelegate.h */ = {isa = PBXFileReference; lastKnownFileType = sourcecode.c.h; path = CAFAppDelegate.h; sourceTree = "<group>"; };
		C942DA8C14DED00C000ABD09 /* CAFAppDelegate.m */ = {isa = PBXFileReference; lastKnownFileType = sourcecode.c.objc; path = CAFAppDelegate.m; sourceTree = "<group>"; };
		C942DA9314DED00C000ABD09 /* Card Stack Controller DemoTests.octest */ = {isa = PBXFileReference; explicitFileType = wrapper.cfbundle; includeInIndex = 0; path = "Card Stack Controller DemoTests.octest"; sourceTree = BUILT_PRODUCTS_DIR; };
		C942DA9414DED00C000ABD09 /* SenTestingKit.framework */ = {isa = PBXFileReference; lastKnownFileType = wrapper.framework; name = SenTestingKit.framework; path = Library/Frameworks/SenTestingKit.framework; sourceTree = DEVELOPER_DIR; };
		C942DA9C14DED00C000ABD09 /* Card Stack Controller DemoTests-Info.plist */ = {isa = PBXFileReference; lastKnownFileType = text.plist.xml; path = "Card Stack Controller DemoTests-Info.plist"; sourceTree = "<group>"; };
		C942DA9E14DED00C000ABD09 /* en */ = {isa = PBXFileReference; lastKnownFileType = text.plist.strings; name = en; path = en.lproj/InfoPlist.strings; sourceTree = "<group>"; };
		C942DAA014DED00C000ABD09 /* Card_Stack_Controller_DemoTests.h */ = {isa = PBXFileReference; lastKnownFileType = sourcecode.c.h; path = Card_Stack_Controller_DemoTests.h; sourceTree = "<group>"; };
		C942DAA114DED00C000ABD09 /* Card_Stack_Controller_DemoTests.m */ = {isa = PBXFileReference; lastKnownFileType = sourcecode.c.objc; path = Card_Stack_Controller_DemoTests.m; sourceTree = "<group>"; };
		C942DAAB14DED125000ABD09 /* LICENSE.txt */ = {isa = PBXFileReference; lastKnownFileType = text; path = LICENSE.txt; sourceTree = "<group>"; };
/* End PBXFileReference section */

/* Begin PBXFrameworksBuildPhase section */
		C942DA7514DED00B000ABD09 /* Frameworks */ = {
			isa = PBXFrameworksBuildPhase;
			buildActionMask = 2147483647;
			files = (
				C942DA7D14DED00C000ABD09 /* UIKit.framework in Frameworks */,
				C942DA7F14DED00C000ABD09 /* Foundation.framework in Frameworks */,
				C942DA8114DED00C000ABD09 /* CoreGraphics.framework in Frameworks */,
			);
			runOnlyForDeploymentPostprocessing = 0;
		};
		C942DA8F14DED00C000ABD09 /* Frameworks */ = {
			isa = PBXFrameworksBuildPhase;
			buildActionMask = 2147483647;
			files = (
				C942DA9514DED00C000ABD09 /* SenTestingKit.framework in Frameworks */,
				C942DA9614DED00C000ABD09 /* UIKit.framework in Frameworks */,
				C942DA9714DED00C000ABD09 /* Foundation.framework in Frameworks */,
			);
			runOnlyForDeploymentPostprocessing = 0;
		};
/* End PBXFrameworksBuildPhase section */

/* Begin PBXGroup section */
		C932854814DEE32B00DF5ACA /* Source */ = {
			isa = PBXGroup;
			children = (
				C932854914DEE32B00DF5ACA /* CAFCardStackController.h */,
				C932854A14DEE32B00DF5ACA /* CAFCardStackController.m */,
				C932854B14DEE32B00DF5ACA /* CAFCardStackController.xib */,
			);
			path = Source;
			sourceTree = "<group>";
		};
		C942DA6D14DED00B000ABD09 = {
			isa = PBXGroup;
			children = (
				C942DAAB14DED125000ABD09 /* LICENSE.txt */,
				C932854014DEE13700DF5ACA /* README.mdown */,
				C932854814DEE32B00DF5ACA /* Source */,
				C942DA8214DED00C000ABD09 /* App */,
				C942DA9A14DED00C000ABD09 /* Tests */,
				C942DA7B14DED00C000ABD09 /* Frameworks */,
				C942DA7914DED00C000ABD09 /* Products */,
			);
			sourceTree = "<group>";
		};
		C942DA7914DED00C000ABD09 /* Products */ = {
			isa = PBXGroup;
			children = (
				C942DA7814DED00C000ABD09 /* Card Stack Controller Demo.app */,
				C942DA9314DED00C000ABD09 /* Card Stack Controller DemoTests.octest */,
			);
			name = Products;
			sourceTree = "<group>";
		};
		C942DA7B14DED00C000ABD09 /* Frameworks */ = {
			isa = PBXGroup;
			children = (
				C942DA7C14DED00C000ABD09 /* UIKit.framework */,
				C942DA7E14DED00C000ABD09 /* Foundation.framework */,
				C942DA8014DED00C000ABD09 /* CoreGraphics.framework */,
				C942DA9414DED00C000ABD09 /* SenTestingKit.framework */,
			);
			name = Frameworks;
			sourceTree = "<group>";
		};
		C942DA8214DED00C000ABD09 /* App */ = {
			isa = PBXGroup;
			children = (
				C942DA8314DED00C000ABD09 /* Supporting Files */,
				C942DA8B14DED00C000ABD09 /* CAFAppDelegate.h */,
				C942DA8C14DED00C000ABD09 /* CAFAppDelegate.m */,
			);
			path = App;
			sourceTree = "<group>";
		};
		C942DA8314DED00C000ABD09 /* Supporting Files */ = {
			isa = PBXGroup;
			children = (
				C942DA8414DED00C000ABD09 /* Card Stack Controller Demo-Info.plist */,
				C942DA8514DED00C000ABD09 /* InfoPlist.strings */,
				C942DA8814DED00C000ABD09 /* main.m */,
				C942DA8A14DED00C000ABD09 /* Card Stack Controller Demo-Prefix.pch */,
			);
			name = "Supporting Files";
			sourceTree = "<group>";
		};
		C942DA9A14DED00C000ABD09 /* Tests */ = {
			isa = PBXGroup;
			children = (
				C942DA9B14DED00C000ABD09 /* Supporting Files */,
				C942DAA014DED00C000ABD09 /* Card_Stack_Controller_DemoTests.h */,
				C942DAA114DED00C000ABD09 /* Card_Stack_Controller_DemoTests.m */,
				C932854E14DF049300DF5ACA /* CAFCardStackControllerTests.h */,
				C932854F14DF049300DF5ACA /* CAFCardStackControllerTests.m */,
			);
			path = Tests;
			sourceTree = "<group>";
		};
		C942DA9B14DED00C000ABD09 /* Supporting Files */ = {
			isa = PBXGroup;
			children = (
				C942DA9C14DED00C000ABD09 /* Card Stack Controller DemoTests-Info.plist */,
				C942DA9D14DED00C000ABD09 /* InfoPlist.strings */,
			);
			name = "Supporting Files";
			sourceTree = "<group>";
		};
/* End PBXGroup section */

/* Begin PBXNativeTarget section */
		C942DA7714DED00B000ABD09 /* Card Stack Controller Demo */ = {
			isa = PBXNativeTarget;
			buildConfigurationList = C942DAA514DED00C000ABD09 /* Build configuration list for PBXNativeTarget "Card Stack Controller Demo" */;
			buildPhases = (
				C942DA7414DED00B000ABD09 /* Sources */,
				C942DA7514DED00B000ABD09 /* Frameworks */,
				C942DA7614DED00B000ABD09 /* Resources */,
			);
			buildRules = (
			);
			dependencies = (
			);
			name = "Card Stack Controller Demo";
			productName = "Card Stack Controller Demo";
			productReference = C942DA7814DED00C000ABD09 /* Card Stack Controller Demo.app */;
			productType = "com.apple.product-type.application";
		};
		C942DA9214DED00C000ABD09 /* Card Stack Controller DemoTests */ = {
			isa = PBXNativeTarget;
			buildConfigurationList = C942DAA814DED00C000ABD09 /* Build configuration list for PBXNativeTarget "Card Stack Controller DemoTests" */;
			buildPhases = (
				C942DA8E14DED00C000ABD09 /* Sources */,
				C942DA8F14DED00C000ABD09 /* Frameworks */,
				C942DA9014DED00C000ABD09 /* Resources */,
				C942DA9114DED00C000ABD09 /* ShellScript */,
			);
			buildRules = (
			);
			dependencies = (
				C942DA9914DED00C000ABD09 /* PBXTargetDependency */,
			);
			name = "Card Stack Controller DemoTests";
			productName = "Card Stack Controller DemoTests";
			productReference = C942DA9314DED00C000ABD09 /* Card Stack Controller DemoTests.octest */;
			productType = "com.apple.product-type.bundle";
		};
/* End PBXNativeTarget section */

/* Begin PBXProject section */
		C942DA6F14DED00B000ABD09 /* Project object */ = {
			isa = PBXProject;
			attributes = {
				CLASSPREFIX = CAF;
				LastUpgradeCheck = 0430;
				ORGANIZATIONNAME = Code/Caffeine;
			};
			buildConfigurationList = C942DA7214DED00B000ABD09 /* Build configuration list for PBXProject "Card Stack Controller Demo" */;
			compatibilityVersion = "Xcode 3.2";
			developmentRegion = English;
			hasScannedForEncodings = 0;
			knownRegions = (
				en,
			);
			mainGroup = C942DA6D14DED00B000ABD09;
			productRefGroup = C942DA7914DED00C000ABD09 /* Products */;
			projectDirPath = "";
			projectRoot = "";
			targets = (
				C942DA7714DED00B000ABD09 /* Card Stack Controller Demo */,
				C942DA9214DED00C000ABD09 /* Card Stack Controller DemoTests */,
			);
		};
/* End PBXProject section */

/* Begin PBXResourcesBuildPhase section */
		C942DA7614DED00B000ABD09 /* Resources */ = {
			isa = PBXResourcesBuildPhase;
			buildActionMask = 2147483647;
			files = (
				C942DA8714DED00C000ABD09 /* InfoPlist.strings in Resources */,
				C932854D14DEE32B00DF5ACA /* CAFCardStackController.xib in Resources */,
			);
			runOnlyForDeploymentPostprocessing = 0;
		};
		C942DA9014DED00C000ABD09 /* Resources */ = {
			isa = PBXResourcesBuildPhase;
			buildActionMask = 2147483647;
			files = (
				C942DA9F14DED00C000ABD09 /* InfoPlist.strings in Resources */,
			);
			runOnlyForDeploymentPostprocessing = 0;
		};
/* End PBXResourcesBuildPhase section */

/* Begin PBXShellScriptBuildPhase section */
		C942DA9114DED00C000ABD09 /* ShellScript */ = {
			isa = PBXShellScriptBuildPhase;
			buildActionMask = 2147483647;
			files = (
			);
			inputPaths = (
			);
			outputPaths = (
			);
			runOnlyForDeploymentPostprocessing = 0;
			shellPath = /bin/sh;
			shellScript = "# Run the unit tests in this test bundle.\n\"${SYSTEM_DEVELOPER_DIR}/Tools/RunUnitTests\"\n";
		};
/* End PBXShellScriptBuildPhase section */

/* Begin PBXSourcesBuildPhase section */
		C942DA7414DED00B000ABD09 /* Sources */ = {
			isa = PBXSourcesBuildPhase;
			buildActionMask = 2147483647;
			files = (
				C942DA8914DED00C000ABD09 /* main.m in Sources */,
				C942DA8D14DED00C000ABD09 /* CAFAppDelegate.m in Sources */,
				C932854C14DEE32B00DF5ACA /* CAFCardStackController.m in Sources */,
			);
			runOnlyForDeploymentPostprocessing = 0;
		};
		C942DA8E14DED00C000ABD09 /* Sources */ = {
			isa = PBXSourcesBuildPhase;
			buildActionMask = 2147483647;
			files = (
				C942DAA214DED00C000ABD09 /* Card_Stack_Controller_DemoTests.m in Sources */,
				C932855014DF049300DF5ACA /* CAFCardStackControllerTests.m in Sources */,
			);
			runOnlyForDeploymentPostprocessing = 0;
		};
/* End PBXSourcesBuildPhase section */

/* Begin PBXTargetDependency section */
		C942DA9914DED00C000ABD09 /* PBXTargetDependency */ = {
			isa = PBXTargetDependency;
			target = C942DA7714DED00B000ABD09 /* Card Stack Controller Demo */;
			targetProxy = C942DA9814DED00C000ABD09 /* PBXContainerItemProxy */;
		};
/* End PBXTargetDependency section */

/* Begin PBXVariantGroup section */
		C942DA8514DED00C000ABD09 /* InfoPlist.strings */ = {
			isa = PBXVariantGroup;
			children = (
				C942DA8614DED00C000ABD09 /* en */,
			);
			name = InfoPlist.strings;
			sourceTree = "<group>";
		};
		C942DA9D14DED00C000ABD09 /* InfoPlist.strings */ = {
			isa = PBXVariantGroup;
			children = (
				C942DA9E14DED00C000ABD09 /* en */,
			);
			name = InfoPlist.strings;
			sourceTree = "<group>";
		};
/* End PBXVariantGroup section */

/* Begin XCBuildConfiguration section */
		C942DAA314DED00C000ABD09 /* Debug */ = {
			isa = XCBuildConfiguration;
			buildSettings = {
				ALWAYS_SEARCH_USER_PATHS = NO;
				ARCHS = "$(ARCHS_STANDARD_32_BIT)";
				CLANG_ENABLE_OBJC_ARC = YES;
				"CODE_SIGN_IDENTITY[sdk=iphoneos*]" = "iPhone Developer";
				COPY_PHASE_STRIP = NO;
				GCC_C_LANGUAGE_STANDARD = gnu99;
				GCC_DYNAMIC_NO_PIC = NO;
				GCC_OPTIMIZATION_LEVEL = 0;
				GCC_PREPROCESSOR_DEFINITIONS = (
					"DEBUG=1",
					"$(inherited)",
				);
				GCC_SYMBOLS_PRIVATE_EXTERN = NO;
				GCC_VERSION = com.apple.compilers.llvm.clang.1_0;
				GCC_WARN_ABOUT_RETURN_TYPE = YES;
				GCC_WARN_UNINITIALIZED_AUTOS = YES;
				GCC_WARN_UNUSED_VARIABLE = YES;
				IPHONEOS_DEPLOYMENT_TARGET = 5.1;
				SDKROOT = iphoneos;
				TARGETED_DEVICE_FAMILY = "1,2";
			};
			name = Debug;
		};
		C942DAA414DED00C000ABD09 /* Release */ = {
			isa = XCBuildConfiguration;
			buildSettings = {
				ALWAYS_SEARCH_USER_PATHS = NO;
				ARCHS = "$(ARCHS_STANDARD_32_BIT)";
				CLANG_ENABLE_OBJC_ARC = YES;
				"CODE_SIGN_IDENTITY[sdk=iphoneos*]" = "iPhone Developer";
				COPY_PHASE_STRIP = YES;
				GCC_C_LANGUAGE_STANDARD = gnu99;
				GCC_VERSION = com.apple.compilers.llvm.clang.1_0;
				GCC_WARN_ABOUT_RETURN_TYPE = YES;
				GCC_WARN_UNINITIALIZED_AUTOS = YES;
				GCC_WARN_UNUSED_VARIABLE = YES;
				IPHONEOS_DEPLOYMENT_TARGET = 5.1;
				OTHER_CFLAGS = "-DNS_BLOCK_ASSERTIONS=1";
				SDKROOT = iphoneos;
				TARGETED_DEVICE_FAMILY = "1,2";
				VALIDATE_PRODUCT = YES;
			};
			name = Release;
		};
		C942DAA614DED00C000ABD09 /* Debug */ = {
			isa = XCBuildConfiguration;
			buildSettings = {
				GCC_PRECOMPILE_PREFIX_HEADER = YES;
				GCC_PREFIX_HEADER = "App/Card Stack Controller Demo-Prefix.pch";
				INFOPLIST_FILE = "App/Card Stack Controller Demo-Info.plist";
				PRODUCT_NAME = "$(TARGET_NAME)";
				WRAPPER_EXTENSION = app;
			};
			name = Debug;
		};
		C942DAA714DED00C000ABD09 /* Release */ = {
			isa = XCBuildConfiguration;
			buildSettings = {
				GCC_PRECOMPILE_PREFIX_HEADER = YES;
				GCC_PREFIX_HEADER = "App/Card Stack Controller Demo-Prefix.pch";
				INFOPLIST_FILE = "App/Card Stack Controller Demo-Info.plist";
				PRODUCT_NAME = "$(TARGET_NAME)";
				WRAPPER_EXTENSION = app;
			};
			name = Release;
		};
		C942DAA914DED00C000ABD09 /* Debug */ = {
			isa = XCBuildConfiguration;
			buildSettings = {
				BUNDLE_LOADER = "$(BUILT_PRODUCTS_DIR)/Card Stack Controller Demo.app/Card Stack Controller Demo";
				FRAMEWORK_SEARCH_PATHS = (
					"$(SDKROOT)/Developer/Library/Frameworks",
					"$(DEVELOPER_LIBRARY_DIR)/Frameworks",
				);
				GCC_PRECOMPILE_PREFIX_HEADER = YES;
				GCC_PREFIX_HEADER = "App/Card Stack Controller Demo-Prefix.pch";
				INFOPLIST_FILE = "Tests/Card Stack Controller DemoTests-Info.plist";
				PRODUCT_NAME = "$(TARGET_NAME)";
				TEST_HOST = "$(BUNDLE_LOADER)";
				WRAPPER_EXTENSION = octest;
			};
			name = Debug;
		};
		C942DAAA14DED00C000ABD09 /* Release */ = {
			isa = XCBuildConfiguration;
			buildSettings = {
				BUNDLE_LOADER = "$(BUILT_PRODUCTS_DIR)/Card Stack Controller Demo.app/Card Stack Controller Demo";
				FRAMEWORK_SEARCH_PATHS = (
					"$(SDKROOT)/Developer/Library/Frameworks",
					"$(DEVELOPER_LIBRARY_DIR)/Frameworks",
				);
				GCC_PRECOMPILE_PREFIX_HEADER = YES;
				GCC_PREFIX_HEADER = "App/Card Stack Controller Demo-Prefix.pch";
				INFOPLIST_FILE = "Tests/Card Stack Controller DemoTests-Info.plist";
				PRODUCT_NAME = "$(TARGET_NAME)";
				TEST_HOST = "$(BUNDLE_LOADER)";
				WRAPPER_EXTENSION = octest;
			};
			name = Release;
		};
/* End XCBuildConfiguration section */

/* Begin XCConfigurationList section */
		C942DA7214DED00B000ABD09 /* Build configuration list for PBXProject "Card Stack Controller Demo" */ = {
			isa = XCConfigurationList;
			buildConfigurations = (
				C942DAA314DED00C000ABD09 /* Debug */,
				C942DAA414DED00C000ABD09 /* Release */,
			);
			defaultConfigurationIsVisible = 0;
			defaultConfigurationName = Release;
		};
		C942DAA514DED00C000ABD09 /* Build configuration list for PBXNativeTarget "Card Stack Controller Demo" */ = {
			isa = XCConfigurationList;
			buildConfigurations = (
				C942DAA614DED00C000ABD09 /* Debug */,
				C942DAA714DED00C000ABD09 /* Release */,
			);
			defaultConfigurationIsVisible = 0;
			defaultConfigurationName = Release;
		};
		C942DAA814DED00C000ABD09 /* Build configuration list for PBXNativeTarget "Card Stack Controller DemoTests" */ = {
			isa = XCConfigurationList;
			buildConfigurations = (
				C942DAA914DED00C000ABD09 /* Debug */,
				C942DAAA14DED00C000ABD09 /* Release */,
			);
			defaultConfigurationIsVisible = 0;
			defaultConfigurationName = Release;
		};
/* End XCConfigurationList section */
	};
	rootObject = C942DA6F14DED00B000ABD09 /* Project object */;
}
